{
  "name": "hyouka-serverless.node",
  "version": "0.1.0",
  "lockfileVersion": 2,
  "requires": true,
  "packages": {
    "": {
      "name": "hyouka-serverless.node",
      "version": "0.1.0",
      "license": "ISC",
      "dependencies": {
        "hyouka.js": "0.7.6"
      }
    },
    "node_modules/babel-plugin-syntax-object-rest-spread": {
      "version": "6.13.0",
      "resolved": "https://registry.npmjs.org/babel-plugin-syntax-object-rest-spread/-/babel-plugin-syntax-object-rest-spread-6.13.0.tgz",
      "integrity": "sha512-C4Aq+GaAj83pRQ0EFgTvw5YO6T3Qz2KGrNRwIj9mSoNHVvdZY4KO2uA6HNtNXCw993iSZnckY1aLW8nOi8i4+w=="
    },
    "node_modules/babel-plugin-transform-object-rest-spread": {
      "version": "6.26.0",
      "resolved": "https://registry.npmjs.org/babel-plugin-transform-object-rest-spread/-/babel-plugin-transform-object-rest-spread-6.26.0.tgz",
      "integrity": "sha512-ocgA9VJvyxwt+qJB0ncxV8kb/CjfTcECUY4tQ5VT7nP6Aohzobm8CDFaQ5FHdvZQzLmf0sgDxB8iRXZXxwZcyA==",
      "dependencies": {
        "babel-plugin-syntax-object-rest-spread": "^6.8.0",
        "babel-runtime": "^6.26.0"
      }
    },
    "node_modules/babel-preset-node8-es6": {
      "version": "12.0.0",
      "resolved": "https://registry.npmjs.org/babel-preset-node8-es6/-/babel-preset-node8-es6-12.0.0.tgz",
      "integrity": "sha512-FaK+pkYBAnCVvYULDjgciwNhnNoe8woNB7hjY3NU4GzP/dFbwF5JDt8L7rVrB8KB95z3A6t3a9FoKCdT8CtE9g==",
      "dependencies": {
        "babel-plugin-syntax-object-rest-spread": "^6.13.0",
        "babel-plugin-transform-object-rest-spread": "^6.23.0"
      }
    },
    "node_modules/babel-runtime": {
      "version": "6.26.0",
      "resolved": "https://registry.npmjs.org/babel-runtime/-/babel-runtime-6.26.0.tgz",
      "integrity": "sha512-ITKNuq2wKlW1fJg9sSW52eepoYgZBggvOAHC0u/CYu/qxQ9EVzThCgR69BnSXLHjy2f7SY5zaQ4yt7H9ZVxY2g==",
      "dependencies": {
        "core-js": "^2.4.0",
        "regenerator-runtime": "^0.11.0"
      }
    },
    "node_modules/core-js": {
      "version": "2.6.12",
      "resolved": "https://registry.npmjs.org/core-js/-/core-js-2.6.12.tgz",
      "integrity": "sha512-Kb2wC0fvsWfQrgk8HU5lW6U/Lcs8+9aaYcy4ZFc6DDlo4nZ7n70dEgE5rtR0oG6ufKDUnrwfWL1mXR5ljDatrQ==",
      "deprecated": "core-js@<3.23.3 is no longer maintained and not recommended for usage due to the number of issues. Because of the V8 engine whims, feature detection in old core-js versions could cause a slowdown up to 100x even if nothing is polyfilled. Some versions have web compatibility issues. Please, upgrade your dependencies to the actual version of core-js.",
      "hasInstallScript": true
    },
    "node_modules/expect.js": {
      "version": "0.3.1",
      "resolved": "https://registry.npmjs.org/expect.js/-/expect.js-0.3.1.tgz",
      "integrity": "sha512-okDF/FAPEul1ZFLae4hrgpIqAeapoo5TRdcg/lD0iN9S3GWrBFIJwNezGH1DMtIz+RxU4RrFmMq7WUUvDg3J6A=="
    },
    "node_modules/hyouka.js": {
      "version": "0.7.6",
      "resolved": "https://registry.npmjs.org/hyouka.js/-/hyouka.js-0.7.6.tgz",
      "integrity": "sha512-MkSMfW2/l0HoytYBIuOl7WuMyOFepUfKgbqzDCXRg+mSmfv1Q1Aq+kg4ZucllVzyRgf5eEV3Wl9CmGAZNAghOg==",
      "dependencies": {
        "kansuu.js": "^0.3.3",
        "moment": "2.22.2",
        "readline-sync": "1.4.9"
      },
      "bin": {
        "hyouka": "bin/hyouka.js"
      }
    },
    "node_modules/kansuu.js": {
      "version": "0.3.3",
      "resolved": "https://registry.npmjs.org/kansuu.js/-/kansuu.js-0.3.3.tgz",
      "integrity": "sha512-wdCY6dcfaxHGYqPD3fMm7Aa1vWc55mYv82SHT5YQ0aafJVgs85ct3ln5RxeYemC3OD2mP6SMg3YC5op4l3br9Q==",
      "dependencies": {
        "babel-preset-node8-es6": "^12.0.0",
        "expect.js": "^0.3.1",
        "random-js": "^1.0.4",
        "seedrandom": "^2.3.11"
      },
      "engines": {
        "node": ">= 8.1.0"
      }
    },
    "node_modules/moment": {
      "version": "2.22.2",
      "resolved": "https://registry.npmjs.org/moment/-/moment-2.22.2.tgz",
      "integrity": "sha512-LRvkBHaJGnrcWvqsElsOhHCzj8mU39wLx5pQ0pc6s153GynCTsPdGdqsVNKAQD9sKnWj11iF7TZx9fpLwdD3fw==",
      "engines": {
        "node": "*"
      }
    },
    "node_modules/random-js": {
      "version": "1.0.8",
      "resolved": "https://registry.npmjs.org/random-js/-/random-js-1.0.8.tgz",
      "integrity": "sha512-LznfUohEMi6jfwZXa0C5uY1p1tciZozzMiwf9LGlwj52tfvpHozYklHHkrvh2Ya/mdiJ9qPGXR6byVN7+hCMTw=="
    },
    "node_modules/readline-sync": {
      "version": "1.4.9",
      "resolved": "https://registry.npmjs.org/readline-sync/-/readline-sync-1.4.9.tgz",
      "integrity": "sha512-mp5h1N39kuKbCRGebLPIKTBOhuDw55GaNg5S+K9TW9uDAS1wIHpGUc2YokdUMZJb8GqS49sWmWEDijaESYh0Hg==",
      "engines": {
        "node": ">= 0.8.0"
      }
    },
    "node_modules/regenerator-runtime": {
      "version": "0.11.1",
      "resolved": "https://registry.npmjs.org/regenerator-runtime/-/regenerator-runtime-0.11.1.tgz",
      "integrity": "sha512-MguG95oij0fC3QV3URf4V2SDYGJhJnJGqvIIgdECeODCT98wSWDAJ94SSuVpYQUoTcGUIL6L4yNB7j1DFFHSBg=="
    },
    "node_modules/seedrandom": {
      "version": "2.4.4",
      "resolved": "https://registry.npmjs.org/seedrandom/-/seedrandom-2.4.4.tgz",
      "integrity": "sha512-9A+PDmgm+2du77B5i0Ip2cxOqqHjgNxnBgglxLcX78A2D6c2rTo61z4jnVABpF4cKeDMDG+cmXXvdnqse2VqMA=="
    }
  },
  "dependencies": {
    "babel-plugin-syntax-object-rest-spread": {
      "version": "6.13.0",
      "resolved": "https://registry.npmjs.org/babel-plugin-syntax-object-rest-spread/-/babel-plugin-syntax-object-rest-spread-6.13.0.tgz",
      "integrity": "sha512-C4Aq+GaAj83pRQ0EFgTvw5YO6T3Qz2KGrNRwIj9mSoNHVvdZY4KO2uA6HNtNXCw993iSZnckY1aLW8nOi8i4+w=="
    },
    "babel-plugin-transform-object-rest-spread": {
      "version": "6.26.0",
      "resolved": "https://registry.npmjs.org/babel-plugin-transform-object-rest-spread/-/babel-plugin-transform-object-rest-spread-6.26.0.tgz",
      "integrity": "sha512-ocgA9VJvyxwt+qJB0ncxV8kb/CjfTcECUY4tQ5VT7nP6Aohzobm8CDFaQ5FHdvZQzLmf0sgDxB8iRXZXxwZcyA==",
      "requires": {
        "babel-plugin-syntax-object-rest-spread": "^6.8.0",
        "babel-runtime": "^6.26.0"
      }
    },
    "babel-preset-node8-es6": {
      "version": "12.0.0",
      "resolved": "https://registry.npmjs.org/babel-preset-node8-es6/-/babel-preset-node8-es6-12.0.0.tgz",
      "integrity": "sha512-FaK+pkYBAnCVvYULDjgciwNhnNoe8woNB7hjY3NU4GzP/dFbwF5JDt8L7rVrB8KB95z3A6t3a9FoKCdT8CtE9g==",
      "requires": {
        "babel-plugin-syntax-object-rest-spread": "^6.13.0",
        "babel-plugin-transform-object-rest-spread": "^6.23.0"
      }
    },
    "babel-runtime": {
      "version": "6.26.0",
      "resolved": "https://registry.npmjs.org/babel-runtime/-/babel-runtime-6.26.0.tgz",
      "integrity": "sha512-ITKNuq2wKlW1fJg9sSW52eepoYgZBggvOAHC0u/CYu/qxQ9EVzThCgR69BnSXLHjy2f7SY5zaQ4yt7H9ZVxY2g==",
      "requires": {
        "core-js": "^2.4.0",
        "regenerator-runtime": "^0.11.0"
      }
    },
    "core-js": {
      "version": "2.6.12",
      "resolved": "https://registry.npmjs.org/core-js/-/core-js-2.6.12.tgz",
      "integrity": "sha512-Kb2wC0fvsWfQrgk8HU5lW6U/Lcs8+9aaYcy4ZFc6DDlo4nZ7n70dEgE5rtR0oG6ufKDUnrwfWL1mXR5ljDatrQ=="
    },
    "expect.js": {
      "version": "0.3.1",
      "resolved": "https://registry.npmjs.org/expect.js/-/expect.js-0.3.1.tgz",
      "integrity": "sha512-okDF/FAPEul1ZFLae4hrgpIqAeapoo5TRdcg/lD0iN9S3GWrBFIJwNezGH1DMtIz+RxU4RrFmMq7WUUvDg3J6A=="
    },
    "hyouka.js": {
      "version": "0.7.6",
      "resolved": "https://registry.npmjs.org/hyouka.js/-/hyouka.js-0.7.6.tgz",
      "integrity": "sha512-MkSMfW2/l0HoytYBIuOl7WuMyOFepUfKgbqzDCXRg+mSmfv1Q1Aq+kg4ZucllVzyRgf5eEV3Wl9CmGAZNAghOg==",
      "requires": {
        "kansuu.js": "^0.3.3",
        "moment": "2.22.2",
        "readline-sync": "1.4.9"
      }
    },
    "kansuu.js": {
      "version": "0.3.3",
      "resolved": "https://registry.npmjs.org/kansuu.js/-/kansuu.js-0.3.3.tgz",
      "integrity": "sha512-wdCY6dcfaxHGYqPD3fMm7Aa1vWc55mYv82SHT5YQ0aafJVgs85ct3ln5RxeYemC3OD2mP6SMg3YC5op4l3br9Q==",
      "requires": {
        "babel-preset-node8-es6": "^12.0.0",
        "expect.js": "^0.3.1",
        "random-js": "^1.0.4",
        "seedrandom": "^2.3.11"
      }
    },
    "moment": {
      "version": "2.22.2",
      "resolved": "https://registry.npmjs.org/moment/-/moment-2.22.2.tgz",
      "integrity": "sha512-LRvkBHaJGnrcWvqsElsOhHCzj8mU39wLx5pQ0pc6s153GynCTsPdGdqsVNKAQD9sKnWj11iF7TZx9fpLwdD3fw=="
    },
    "random-js": {
      "version": "1.0.8",
      "resolved": "https://registry.npmjs.org/random-js/-/random-js-1.0.8.tgz",
      "integrity": "sha512-LznfUohEMi6jfwZXa0C5uY1p1tciZozzMiwf9LGlwj52tfvpHozYklHHkrvh2Ya/mdiJ9qPGXR6byVN7+hCMTw=="
    },
    "readline-sync": {
      "version": "1.4.9",
      "resolved": "https://registry.npmjs.org/readline-sync/-/readline-sync-1.4.9.tgz",
      "integrity": "sha512-mp5h1N39kuKbCRGebLPIKTBOhuDw55GaNg5S+K9TW9uDAS1wIHpGUc2YokdUMZJb8GqS49sWmWEDijaESYh0Hg=="
    },
    "regenerator-runtime": {
      "version": "0.11.1",
      "resolved": "https://registry.npmjs.org/regenerator-runtime/-/regenerator-runtime-0.11.1.tgz",
      "integrity": "sha512-MguG95oij0fC3QV3URf4V2SDYGJhJnJGqvIIgdECeODCT98wSWDAJ94SSuVpYQUoTcGUIL6L4yNB7j1DFFHSBg=="
    },
    "seedrandom": {
      "version": "2.4.4",
      "resolved": "https://registry.npmjs.org/seedrandom/-/seedrandom-2.4.4.tgz",
      "integrity": "sha512-9A+PDmgm+2du77B5i0Ip2cxOqqHjgNxnBgglxLcX78A2D6c2rTo61z4jnVABpF4cKeDMDG+cmXXvdnqse2VqMA=="
    }
  }
}
